
Microsoft Visual Studio Solution File, Format Version 12.00
# Visual Studio 2013
VisualStudioVersion = 12.0.31101.0
MinimumVisualStudioVersion = 10.0.40219.1
Project("{E24C65DC-7377-472B-9ABA-BC803B73C61A}") = "TrabajoTec", "http://localhost:3119", "{BDEAD5F1-4DDD-4268-BBD1-B41FBE3552B9}"
	ProjectSection(WebsiteProperties) = preProject
		UseIISExpress = "true"
		TargetFrameworkMoniker = ".NETFramework,Version%3Dv4.5"
		Debug.AspNetCompiler.VirtualPath = "/localhost_3119"
		Debug.AspNetCompiler.PhysicalPath = "..\..\..\GitHub\frontend\TrabajoTec\"
		Debug.AspNetCompiler.TargetPath = "PrecompiledWeb\localhost_3119\"
		Debug.AspNetCompiler.Updateable = "true"
		Debug.AspNetCompiler.ForceOverwrite = "true"
		Debug.AspNetCompiler.FixedNames = "false"
		Debug.AspNetCompiler.Debug = "True"
		Release.AspNetCompiler.VirtualPath = "/localhost_3119"
		Release.AspNetCompiler.PhysicalPath = "..\..\..\GitHub\frontend\TrabajoTec\"
		Release.AspNetCompiler.TargetPath = "PrecompiledWeb\localhost_3119\"
		Release.AspNetCompiler.Updateable = "true"
		Release.AspNetCompiler.ForceOverwrite = "true"
		Release.AspNetCompiler.FixedNames = "false"
		Release.AspNetCompiler.Debug = "False"
		SlnRelativePath = "..\..\..\GitHub\frontend\TrabajoTec\"
		DefaultWebSiteLanguage = "Visual C#"
	EndProjectSection
EndProject
Global
	GlobalSection(SolutionConfigurationPlatforms) = preSolution
		Debug|Any CPU = Debug|Any CPU
	EndGlobalSection
	GlobalSection(ProjectConfigurationPlatforms) = postSolution
		{BDEAD5F1-4DDD-4268-BBD1-B41FBE3552B9}.Debug|Any CPU.ActiveCfg = Debug|Any CPU
		{BDEAD5F1-4DDD-4268-BBD1-B41FBE3552B9}.Debug|Any CPU.Build.0 = Debug|Any CPU
	EndGlobalSection
	GlobalSection(SolutionProperties) = preSolution
		HideSolutionNode = FALSE
	EndGlobalSection
EndGlobal
